// !$*UTF8*$!
{
	archiveVersion = 1;
	classes = {
	};
	objectVersion = 46;
	objects = {

/* Begin PBXBuildFile section */
		B4B7456BD91E3D73633C25AC /* Pods_qtabs.framework in Frameworks */ = {isa = PBXBuildFile; fileRef = 292F668621D8178473E37381 /* Pods_qtabs.framework */; };
		BFB8116B1F4A7BC80016DADE /* AppDelegate.swift in Sources */ = {isa = PBXBuildFile; fileRef = BFB8116A1F4A7BC80016DADE /* AppDelegate.swift */; };
		BFB8116D1F4A7BC80016DADE /* ViewController.swift in Sources */ = {isa = PBXBuildFile; fileRef = BFB8116C1F4A7BC80016DADE /* ViewController.swift */; };
		BFB811701F4A7BC80016DADE /* Main.storyboard in Resources */ = {isa = PBXBuildFile; fileRef = BFB8116E1F4A7BC80016DADE /* Main.storyboard */; };
		BFB811721F4A7BC80016DADE /* Assets.xcassets in Resources */ = {isa = PBXBuildFile; fileRef = BFB811711F4A7BC80016DADE /* Assets.xcassets */; };
		BFB811751F4A7BC80016DADE /* LaunchScreen.storyboard in Resources */ = {isa = PBXBuildFile; fileRef = BFB811731F4A7BC80016DADE /* LaunchScreen.storyboard */; };
		BFB8117D1F4A7CB30016DADE /* QTabView.swift in Sources */ = {isa = PBXBuildFile; fileRef = BFB8117C1F4A7CB30016DADE /* QTabView.swift */; };
		BFB811821F4A8D610016DADE /* VC1.swift in Sources */ = {isa = PBXBuildFile; fileRef = BFB8117E1F4A8D610016DADE /* VC1.swift */; };
		BFB811831F4A8D610016DADE /* VC2.swift in Sources */ = {isa = PBXBuildFile; fileRef = BFB8117F1F4A8D610016DADE /* VC2.swift */; };
		BFB811841F4A8D610016DADE /* VC3.swift in Sources */ = {isa = PBXBuildFile; fileRef = BFB811801F4A8D610016DADE /* VC3.swift */; };
		BFB811851F4A8D610016DADE /* VC4.swift in Sources */ = {isa = PBXBuildFile; fileRef = BFB811811F4A8D610016DADE /* VC4.swift */; };
/* End PBXBuildFile section */

/* Begin PBXFileReference section */
		292F668621D8178473E37381 /* Pods_qtabs.framework */ = {isa = PBXFileReference; explicitFileType = wrapper.framework; includeInIndex = 0; path = Pods_qtabs.framework; sourceTree = BUILT_PRODUCTS_DIR; };
		3CCE6C9E47652D856CDE0870 /* Pods-qtabs.release.xcconfig */ = {isa = PBXFileReference; includeInIndex = 1; lastKnownFileType = text.xcconfig; name = "Pods-qtabs.release.xcconfig"; path = "Pods/Target Support Files/Pods-qtabs/Pods-qtabs.release.xcconfig"; sourceTree = "<group>"; };
		5229A3C838A716B7696B9051 /* Pods-qtabs.debug.xcconfig */ = {isa = PBXFileReference; includeInIndex = 1; lastKnownFileType = text.xcconfig; name = "Pods-qtabs.debug.xcconfig"; path = "Pods/Target Support Files/Pods-qtabs/Pods-qtabs.debug.xcconfig"; sourceTree = "<group>"; };
		BFB811671F4A7BC80016DADE /* qtabs.app */ = {isa = PBXFileReference; explicitFileType = wrapper.application; includeInIndex = 0; path = qtabs.app; sourceTree = BUILT_PRODUCTS_DIR; };
		BFB8116A1F4A7BC80016DADE /* AppDelegate.swift */ = {isa = PBXFileReference; lastKnownFileType = sourcecode.swift; path = AppDelegate.swift; sourceTree = "<group>"; };
		BFB8116C1F4A7BC80016DADE /* ViewController.swift */ = {isa = PBXFileReference; lastKnownFileType = sourcecode.swift; path = ViewController.swift; sourceTree = "<group>"; };
		BFB8116F1F4A7BC80016DADE /* Base */ = {isa = PBXFileReference; lastKnownFileType = file.storyboard; name = Base; path = Base.lproj/Main.storyboard; sourceTree = "<group>"; };
		BFB811711F4A7BC80016DADE /* Assets.xcassets */ = {isa = PBXFileReference; lastKnownFileType = folder.assetcatalog; path = Assets.xcassets; sourceTree = "<group>"; };
		BFB811741F4A7BC80016DADE /* Base */ = {isa = PBXFileReference; lastKnownFileType = file.storyboard; name = Base; path = Base.lproj/LaunchScreen.storyboard; sourceTree = "<group>"; };
		BFB811761F4A7BC80016DADE /* Info.plist */ = {isa = PBXFileReference; lastKnownFileType = text.plist.xml; path = Info.plist; sourceTree = "<group>"; };
		BFB8117C1F4A7CB30016DADE /* QTabView.swift */ = {isa = PBXFileReference; fileEncoding = 4; lastKnownFileType = sourcecode.swift; path = QTabView.swift; sourceTree = "<group>"; };
		BFB8117E1F4A8D610016DADE /* VC1.swift */ = {isa = PBXFileReference; fileEncoding = 4; lastKnownFileType = sourcecode.swift; path = VC1.swift; sourceTree = "<group>"; };
		BFB8117F1F4A8D610016DADE /* VC2.swift */ = {isa = PBXFileReference; fileEncoding = 4; lastKnownFileType = sourcecode.swift; path = VC2.swift; sourceTree = "<group>"; };
		BFB811801F4A8D610016DADE /* VC3.swift */ = {isa = PBXFileReference; fileEncoding = 4; lastKnownFileType = sourcecode.swift; path = VC3.swift; sourceTree = "<group>"; };
		BFB811811F4A8D610016DADE /* VC4.swift */ = {isa = PBXFileReference; fileEncoding = 4; lastKnownFileType = sourcecode.swift; path = VC4.swift; sourceTree = "<group>"; };
/* End PBXFileReference section */

/* Begin PBXFrameworksBuildPhase section */
		BFB811641F4A7BC80016DADE /* Frameworks */ = {
			isa = PBXFrameworksBuildPhase;
			buildActionMask = 2147483647;
			files = (
				B4B7456BD91E3D73633C25AC /* Pods_qtabs.framework in Frameworks */,
			);
			runOnlyForDeploymentPostprocessing = 0;
		};
/* End PBXFrameworksBuildPhase section */

/* Begin PBXGroup section */
		65DE571988155425F9F872B8 /* Frameworks */ = {
			isa = PBXGroup;
			children = (
				292F668621D8178473E37381 /* Pods_qtabs.framework */,
			);
			name = Frameworks;
			sourceTree = "<group>";
		};
		77C1E2D7FA00AA573F7DBA3F /* Pods */ = {
			isa = PBXGroup;
			children = (
				5229A3C838A716B7696B9051 /* Pods-qtabs.debug.xcconfig */,
				3CCE6C9E47652D856CDE0870 /* Pods-qtabs.release.xcconfig */,
			);
			name = Pods;
			sourceTree = "<group>";
		};
		BFB8115E1F4A7BC80016DADE = {
			isa = PBXGroup;
			children = (
				BFB811691F4A7BC80016DADE /* qtabs */,
				BFB811681F4A7BC80016DADE /* Products */,
				77C1E2D7FA00AA573F7DBA3F /* Pods */,
				65DE571988155425F9F872B8 /* Frameworks */,
			);
			sourceTree = "<group>";
		};
		BFB811681F4A7BC80016DADE /* Products */ = {
			isa = PBXGroup;
			children = (
				BFB811671F4A7BC80016DADE /* qtabs.app */,
			);
			name = Products;
			sourceTree = "<group>";
		};
		BFB811691F4A7BC80016DADE /* qtabs */ = {
			isa = PBXGroup;
			children = (
				BFB8117C1F4A7CB30016DADE /* QTabView.swift */,
				BFB8116A1F4A7BC80016DADE /* AppDelegate.swift */,
				BFB8116C1F4A7BC80016DADE /* ViewController.swift */,
				BFB8117E1F4A8D610016DADE /* VC1.swift */,
				BFB8117F1F4A8D610016DADE /* VC2.swift */,
				BFB811801F4A8D610016DADE /* VC3.swift */,
				BFB811811F4A8D610016DADE /* VC4.swift */,
				BFB8116E1F4A7BC80016DADE /* Main.storyboard */,
				BFB811711F4A7BC80016DADE /* Assets.xcassets */,
				BFB811731F4A7BC80016DADE /* LaunchScreen.storyboard */,
				BFB811761F4A7BC80016DADE /* Info.plist */,
			);
			path = qtabs;
			sourceTree = "<group>";
		};
/* End PBXGroup section */

/* Begin PBXNativeTarget section */
		BFB811661F4A7BC80016DADE /* qtabs */ = {
			isa = PBXNativeTarget;
			buildConfigurationList = BFB811791F4A7BC80016DADE /* Build configuration list for PBXNativeTarget "qtabs" */;
			buildPhases = (
				4373E075144576DC9C281BCD /* [CP] Check Pods Manifest.lock */,
				BFB811631F4A7BC80016DADE /* Sources */,
				BFB811641F4A7BC80016DADE /* Frameworks */,
				BFB811651F4A7BC80016DADE /* Resources */,
				A778659DF94B00BB4986C139 /* [CP] Embed Pods Frameworks */,
				21A0EECF8DAB107840E6D475 /* [CP] Copy Pods Resources */,
			);
			buildRules = (
			);
			dependencies = (
			);
			name = qtabs;
			productName = qtabs;
			productReference = BFB811671F4A7BC80016DADE /* qtabs.app */;
			productType = "com.apple.product-type.application";
		};
/* End PBXNativeTarget section */

/* Begin PBXProject section */
		BFB8115F1F4A7BC80016DADE /* Project object */ = {
			isa = PBXProject;
			attributes = {
				LastSwiftUpdateCheck = 0830;
				LastUpgradeCheck = 0830;
				ORGANIZATIONNAME = "火星人";
				TargetAttributes = {
					BFB811661F4A7BC80016DADE = {
						CreatedOnToolsVersion = 8.3.3;
						DevelopmentTeam = Y6KJ5Z4R4Z;
						ProvisioningStyle = Automatic;
					};
				};
			};
			buildConfigurationList = BFB811621F4A7BC80016DADE /* Build configuration list for PBXProject "qtabs" */;
			compatibilityVersion = "Xcode 3.2";
			developmentRegion = English;
			hasScannedForEncodings = 0;
			knownRegions = (
				en,
				Base,
			);
			mainGroup = BFB8115E1F4A7BC80016DADE;
			productRefGroup = BFB811681F4A7BC80016DADE /* Products */;
			projectDirPath = "";
			projectRoot = "";
			targets = (
				BFB811661F4A7BC80016DADE /* qtabs */,
			);
		};
/* End PBXProject section */

/* Begin PBXResourcesBuildPhase section */
		BFB811651F4A7BC80016DADE /* Resources */ = {
			isa = PBXResourcesBuildPhase;
			buildActionMask = 2147483647;
			files = (
				BFB811751F4A7BC80016DADE /* LaunchScreen.storyboard in Resources */,
				BFB811721F4A7BC80016DADE /* Assets.xcassets in Resources */,
				BFB811701F4A7BC80016DADE /* Main.storyboard in Resources */,
			);
			runOnlyForDeploymentPostprocessing = 0;
		};
/* End PBXResourcesBuildPhase section */

/* Begin PBXShellScriptBuildPhase section */
		21A0EECF8DAB107840E6D475 /* [CP] Copy Pods Resources */ = {
			isa = PBXShellScriptBuildPhase;
			buildActionMask = 2147483647;
			files = (
			);
			inputPaths = (
			);
			name = "[CP] Copy Pods Resources";
			outputPaths = (
			);
			runOnlyForDeploymentPostprocessing = 0;
			shellPath = /bin/sh;
			shellScript = "\"${SRCROOT}/Pods/Target Support Files/Pods-qtabs/Pods-qtabs-resources.sh\"\n";
			showEnvVarsInLog = 0;
		};
		4373E075144576DC9C281BCD /* [CP] Check Pods Manifest.lock */ = {
			isa = PBXShellScriptBuildPhase;
			buildActionMask = 2147483647;
			files = (
			);
			inputPaths = (
			);
			name = "[CP] Check Pods Manifest.lock";
			outputPaths = (
			);
			runOnlyForDeploymentPostprocessing = 0;
			shellPath = /bin/sh;
			shellScript = "diff \"${PODS_PODFILE_DIR_PATH}/Podfile.lock\" \"${PODS_ROOT}/Manifest.lock\" > /dev/null\nif [ $? != 0 ] ; then\n    # print error to STDERR\n    echo \"error: The sandbox is not in sync with the Podfile.lock. Run 'pod install' or update your CocoaPods installation.\" >&2\n    exit 1\nfi\n";
			showEnvVarsInLog = 0;
		};
		A778659DF94B00BB4986C139 /* [CP] Embed Pods Frameworks */ = {
			isa = PBXShellScriptBuildPhase;
			buildActionMask = 2147483647;
			files = (
			);
			inputPaths = (
			);
			name = "[CP] Embed Pods Frameworks";
			outputPaths = (
			);
			runOnlyForDeploymentPostprocessing = 0;
			shellPath = /bin/sh;
			shellScript = "\"${SRCROOT}/Pods/Target Support Files/Pods-qtabs/Pods-qtabs-frameworks.sh\"\n";
			showEnvVarsInLog = 0;
		};
/* End PBXShellScriptBuildPhase section */

/* Begin PBXSourcesBuildPhase section */
		BFB811631F4A7BC80016DADE /* Sources */ = {
			isa = PBXSourcesBuildPhase;
			buildActionMask = 2147483647;
			files = (
				BFB811841F4A8D610016DADE /* VC3.swift in Sources */,
				BFB8116D1F4A7BC80016DADE /* ViewController.swift in Sources */,
				BFB811851F4A8D610016DADE /* VC4.swift in Sources */,
				BFB8117D1F4A7CB30016DADE /* QTabView.swift in Sources */,
				BFB811831F4A8D610016DADE /* VC2.swift in Sources */,
				BFB811821F4A8D610016DADE /* VC1.swift in Sources */,
				BFB8116B1F4A7BC80016DADE /* AppDelegate.swift in Sources */,
			);
			runOnlyForDeploymentPostprocessing = 0;
		};
/* End PBXSourcesBuildPhase section */

/* Begin PBXVariantGroup section */
		BFB8116E1F4A7BC80016DADE /* Main.storyboard */ = {
			isa = PBXVariantGroup;
			children = (
				BFB8116F1F4A7BC80016DADE /* Base */,
			);
			name = Main.storyboard;
			sourceTree = "<group>";
		};
		BFB811731F4A7BC80016DADE /* LaunchScreen.storyboard */ = {
			isa = PBXVariantGroup;
			children = (
				BFB811741F4A7BC80016DADE /* Base */,
			);
			name = LaunchScreen.storyboard;
			sourceTree = "<group>";
		};
/* End PBXVariantGroup section */

/* Begin XCBuildConfiguration section */
		BFB811771F4A7BC80016DADE /* Debug */ = {
			isa = XCBuildConfiguration;
			buildSettings = {
				ALWAYS_SEARCH_USER_PATHS = NO;
				CLANG_ANALYZER_NONNULL = YES;
				CLANG_ANALYZER_NUMBER_OBJECT_CONVERSION = YES_AGGRESSIVE;
				CLANG_CXX_LANGUAGE_STANDARD = "gnu++0x";
				CLANG_CXX_LIBRARY = "libc++";
				CLANG_ENABLE_MODULES = YES;
				CLANG_ENABLE_OBJC_ARC = YES;
				CLANG_WARN_BOOL_CONVERSION = YES;
				CLANG_WARN_CONSTANT_CONVERSION = YES;
				CLANG_WARN_DIRECT_OBJC_ISA_USAGE = YES_ERROR;
				CLANG_WARN_DOCUMENTATION_COMMENTS = YES;
				CLANG_WARN_EMPTY_BODY = YES;
				CLANG_WARN_ENUM_CONVERSION = YES;
				CLANG_WARN_INFINITE_RECURSION = YES;
				CLANG_WARN_INT_CONVERSION = YES;
				CLANG_WARN_OBJC_ROOT_CLASS = YES_ERROR;
				CLANG_WARN_SUSPICIOUS_MOVE = YES;
				CLANG_WARN_UNREACHABLE_CODE = YES;
				CLANG_WARN__DUPLICATE_METHOD_MATCH = YES;
				"CODE_SIGN_IDENTITY[sdk=iphoneos*]" = "iPhone Developer";
				COPY_PHASE_STRIP = NO;
				DEBUG_INFORMATION_FORMAT = dwarf;
				ENABLE_STRICT_OBJC_MSGSEND = YES;
				ENABLE_TESTABILITY = YES;
				GCC_C_LANGUAGE_STANDARD = gnu99;
				GCC_DYNAMIC_NO_PIC = NO;
				GCC_NO_COMMON_BLOCKS = YES;
				GCC_OPTIMIZATION_LEVEL = 0;
				GCC_PREPROCESSOR_DEFINITIONS = (
					"DEBUG=1",
					"$(inherited)",
				);
				GCC_WARN_64_TO_32_BIT_CONVERSION = YES;
				GCC_WARN_ABOUT_RETURN_TYPE = YES_ERROR;
				GCC_WARN_UNDECLARED_SELECTOR = YES;
				GCC_WARN_UNINITIALIZED_AUTOS = YES_AGGRESSIVE;
				GCC_WARN_UNUSED_FUNCTION = YES;
				GCC_WARN_UNUSED_VARIABLE = YES;
				IPHONEOS_DEPLOYMENT_TARGET = 10.3;
				MTL_ENABLE_DEBUG_INFO = YES;
				ONLY_ACTIVE_ARCH = YES;
				SDKROOT = iphoneos;
				SWIFT_ACTIVE_COMPILATION_CONDITIONS = DEBUG;
				SWIFT_OPTIMIZATION_LEVEL = "-Onone";
			};
			name = Debug;
		};
		BFB811781F4A7BC80016DADE /* Release */ = {
			isa = XCBuildConfiguration;
			buildSettings = {
				ALWAYS_SEARCH_USER_PATHS = NO;
				CLANG_ANALYZER_NONNULL = YES;
				CLANG_ANALYZER_NUMBER_OBJECT_CONVERSION = YES_AGGRESSIVE;
				CLANG_CXX_LANGUAGE_STANDARD = "gnu++0x";
				CLANG_CXX_LIBRARY = "libc++";
				CLANG_ENABLE_MODULES = YES;
				CLANG_ENABLE_OBJC_ARC = YES;
				CLANG_WARN_BOOL_CONVERSION = YES;
				CLANG_WARN_CONSTANT_CONVERSION = YES;
				CLANG_WARN_DIRECT_OBJC_ISA_USAGE = YES_ERROR;
				CLANG_WARN_DOCUMENTATION_COMMENTS = YES;
				CLANG_WARN_EMPTY_BODY = YES;
				CLANG_WARN_ENUM_CONVERSION = YES;
				CLANG_WARN_INFINITE_RECURSION = YES;
				CLANG_WARN_INT_CONVERSION = YES;
				CLANG_WARN_OBJC_ROOT_CLASS = YES_ERROR;
				CLANG_WARN_SUSPICIOUS_MOVE = YES;
				CLANG_WARN_UNREACHABLE_CODE = YES;
				CLANG_WARN__DUPLICATE_METHOD_MATCH = YES;
				"CODE_SIGN_IDENTITY[sdk=iphoneos*]" = "iPhone Developer";
				COPY_PHASE_STRIP = NO;
				DEBUG_INFORMATION_FORMAT = "dwarf-with-dsym";
				ENABLE_NS_ASSERTIONS = NO;
				ENABLE_STRICT_OBJC_MSGSEND = YES;
				GCC_C_LANGUAGE_STANDARD = gnu99;
				GCC_NO_COMMON_BLOCKS = YES;
				GCC_WARN_64_TO_32_BIT_CONVERSION = YES;
				GCC_WARN_ABOUT_RETURN_TYPE = YES_ERROR;
				GCC_WARN_UNDECLARED_SELECTOR = YES;
				GCC_WARN_UNINITIALIZED_AUTOS = YES_AGGRESSIVE;
				GCC_WARN_UNUSED_FUNCTION = YES;
				GCC_WARN_UNUSED_VARIABLE = YES;
				IPHONEOS_DEPLOYMENT_TARGET = 10.3;
				MTL_ENABLE_DEBUG_INFO = NO;
				SDKROOT = iphoneos;
				SWIFT_OPTIMIZATION_LEVEL = "-Owholemodule";
				VALIDATE_PRODUCT = YES;
			};
			name = Release;
		};
		BFB8117A1F4A7BC80016DADE /* Debug */ = {
			isa = XCBuildConfiguration;
			baseConfigurationReference = 5229A3C838A716B7696B9051 /* Pods-qtabs.debug.xcconfig */;
			buildSettings = {
				ASSETCATALOG_COMPILER_APPICON_NAME = AppIcon;
				DEVELOPMENT_TEAM = Y6KJ5Z4R4Z;
				INFOPLIST_FILE = qtabs/Info.plist;
				LD_RUNPATH_SEARCH_PATHS = "$(inherited) @executable_path/Frameworks";
				PRODUCT_BUNDLE_IDENTIFIER = hqs.qtabs;
				PRODUCT_NAME = "$(TARGET_NAME)";
				SWIFT_VERSION = 3.0;
			};
			name = Debug;
		};
		BFB8117B1F4A7BC80016DADE /* Release */ = {
			isa = XCBuildConfiguration;
			baseConfigurationReference = 3CCE6C9E47652D856CDE0870 /* Pods-qtabs.release.xcconfig */;
			buildSettings = {
				ASSETCATALOG_COMPILER_APPICON_NAME = AppIcon;
				DEVELOPMENT_TEAM = Y6KJ5Z4R4Z;
				INFOPLIST_FILE = qtabs/Info.plist;
				LD_RUNPATH_SEARCH_PATHS = "$(inherited) @executable_path/Frameworks";
				PRODUCT_BUNDLE_IDENTIFIER = hqs.qtabs;
				PRODUCT_NAME = "$(TARGET_NAME)";
				SWIFT_VERSION = 3.0;
			};
			name = Release;
		};
/* End XCBuildConfiguration section */

/* Begin XCConfigurationList section */
		BFB811621F4A7BC80016DADE /* Build configuration list for PBXProject "qtabs" */ = {
			isa = XCConfigurationList;
			buildConfigurations = (
				BFB811771F4A7BC80016DADE /* Debug */,
				BFB811781F4A7BC80016DADE /* Release */,
			);
			defaultConfigurationIsVisible = 0;
			defaultConfigurationName = Release;
		};
		BFB811791F4A7BC80016DADE /* Build configuration list for PBXNativeTarget "qtabs" */ = {
			isa = XCConfigurationList;
			buildConfigurations = (
				BFB8117A1F4A7BC80016DADE /* Debug */,
				BFB8117B1F4A7BC80016DADE /* Release */,
			);
			defaultConfigurationIsVisible = 0;
			defaultConfigurationName = Release;
		};
/* End XCConfigurationList section */
	};
	rootObject = BFB8115F1F4A7BC80016DADE /* Project object */;
}
